// !$*UTF8*$!
{
	archiveVersion = 1;
	classes = {
	};
	objectVersion = 46;
	objects = {

/* Begin PBXBuildFile section */
		1132A18FF7624F3AA0BE1D43 /* icon@2x.png in Resources */ = {isa = PBXBuildFile; fileRef = 6A5171B138D6412587167A93 /* icon@2x.png */; };
		1AFA71587F94438BBB335295 /* icon-76.png in Resources */ = {isa = PBXBuildFile; fileRef = 2CAE5A75E8854F978EA1A780 /* icon-76.png */; };
		254DAAFB6A5F402CA53C2697 /* icon-40@2x.png in Resources */ = {isa = PBXBuildFile; fileRef = E681E70A82BA4442BD3C8209 /* icon-40@2x.png */; };
		25CB1392FD9342CABE194C03 /* Default-Landscape@2x.png in Resources */ = {isa = PBXBuildFile; fileRef = D63BBC53D61C4BAF94FC8EAB /* Default-Landscape@2x.png */; };
		428843F74BA64A1381A2A18E /* icon-60.png in Resources */ = {isa = PBXBuildFile; fileRef = A502A33BAC0C41549A6851B0 /* icon-60.png */; };
		436D228C2461439DBC178922 /* Default-Landscape-667h@2x.png in Resources */ = {isa = PBXBuildFile; fileRef = FD214B8271DC40DCA89D1A6E /* Default-Landscape-667h@2x.png */; };
		5457ED4CA1004D2D9C3D2AB4 /* Default-736h@3x.png in Resources */ = {isa = PBXBuildFile; fileRef = F65ED4BD390648D1B851DB81 /* Default-736h@3x.png */; };
		59078CDBFB1441E4AAA725EA /* Default.png in Resources */ = {isa = PBXBuildFile; fileRef = 37EDBE497B4E4DBFB4F5A59F /* Default.png */; };
		607C48A32D8D45C58F2508B2 /* icon-72.png in Resources */ = {isa = PBXBuildFile; fileRef = CD0AC45EB03E430888105766 /* icon-72.png */; };
		677A85EEEBE34FC296C8AFDF /* Icon-Small.png in Resources */ = {isa = PBXBuildFile; fileRef = 4BBF74EF93444AF2A2DCE9B2 /* Icon-Small.png */; };
		729A028041374A52BBF927A0 /* Icon-Small@2x.png in Resources */ = {isa = PBXBuildFile; fileRef = E8A6CF1B20C94CD18E28389D /* Icon-Small@2x.png */; };
		76BD8FE7EF1147198361549A /* Default@2x.png in Resources */ = {isa = PBXBuildFile; fileRef = 674E926ABFE64127AC47D97B /* Default@2x.png */; };
		830DE70E737C48E7AEC0A3D3 /* Default-Portrait.png in Resources */ = {isa = PBXBuildFile; fileRef = 43119AEC35E842A2A744E521 /* Default-Portrait.png */; };
		850BD246855945CDBD82A830 /* Default-568h@2x.png in Resources */ = {isa = PBXBuildFile; fileRef = ADB196F60A1F4F26A720B83F /* Default-568h@2x.png */; };
		85720BBD59CF4283B4AA711D /* icon-60@2x.png in Resources */ = {isa = PBXBuildFile; fileRef = ACD5C213E93444B7B9763E74 /* icon-60@2x.png */; };
		858B842D18CA22B800AB12DE /* InfoPlist.strings in Resources */ = {isa = PBXBuildFile; fileRef = 858B833A18CA111C00AB12DE /* InfoPlist.strings */; };
		892C07B864FC4DB2F7571E7E /* Pods.framework in Frameworks */ = {isa = PBXBuildFile; fileRef = A1FF58C82DAF52B36E08B57B /* Pods.framework */; };
		8C9F8D7A50EC473C81180306 /* Default-Portrait@2x.png in Resources */ = {isa = PBXBuildFile; fileRef = 0BADE8AAE59E45F381FC71BE /* Default-Portrait@2x.png */; };
		8FC00087740D47E19F87459A /* Default-667h@2x.png in Resources */ = {isa = PBXBuildFile; fileRef = 6732992AD73A406A91470903 /* Default-667h@2x.png */; };
		958FE22E324F4B8B8C36278A /* Icon-Small-50.png in Resources */ = {isa = PBXBuildFile; fileRef = 22C63D62BAAE4270957C4363 /* Icon-Small-50.png */; };
		98448FA7524543D5A4BFC3AE /* Default-Landscape-568h@2x.png in Resources */ = {isa = PBXBuildFile; fileRef = E599D3ADC12D4DD18B4EEC1F /* Default-Landscape-568h@2x.png */; };
		BDB3318EEC9849EAA05E84DE /* icon-72@2x.png in Resources */ = {isa = PBXBuildFile; fileRef = F37ADC0C01A4421F98D197A5 /* icon-72@2x.png */; };
		C32A6C09FAB7420DAD515EAF /* icon.png in Resources */ = {isa = PBXBuildFile; fileRef = 2955C428A16B4177B074CF0E /* icon.png */; };
		CA956F21AEBC4CFEA021F2B2 /* icon-76@2x.png in Resources */ = {isa = PBXBuildFile; fileRef = F303F473F09542448C76EE8D /* icon-76@2x.png */; };
		CD45EE7C18DC2D5800FB50C0 /* app in Resources */ = {isa = PBXBuildFile; fileRef = CD45EE7A18DC2D5800FB50C0 /* app */; };
		CD62955D1BB2678900AE3A93 /* main.m in Sources */ = {isa = PBXBuildFile; fileRef = CD62955C1BB2678900AE3A93 /* main.m */; };
		D8554481FEC94343B0C08D8F /* Default-Landscape@3x.png in Resources */ = {isa = PBXBuildFile; fileRef = E9AD1B911B454044A224FD26 /* Default-Landscape@3x.png */; };
		E22557A9B8414E6C91704DD2 /* Default-Landscape.png in Resources */ = {isa = PBXBuildFile; fileRef = CAFBE42036764DB5B5C740F8 /* Default-Landscape.png */; };
		E75D30A811EB412CA191F238 /* Icon-Small-50@2x.png in Resources */ = {isa = PBXBuildFile; fileRef = 6DB7DD2DF4AA4F6186D485B0 /* Icon-Small-50@2x.png */; };
		EA721FD3946F4BF3B10E3E89 /* icon-40.png in Resources */ = {isa = PBXBuildFile; fileRef = 3DD9D340670F4ABA8CC1B255 /* icon-40.png */; };
/* End PBXBuildFile section */

/* Begin PBXCopyFilesBuildPhase section */
		85F5BDFC1A9363BE006B9701 /* Embed Frameworks */ = {
			isa = PBXCopyFilesBuildPhase;
			buildActionMask = 2147483647;
			dstPath = "";
			dstSubfolderSpec = 10;
			files = (
			);
			name = "Embed Frameworks";
			runOnlyForDeploymentPostprocessing = 0;
		};
/* End PBXCopyFilesBuildPhase section */

/* Begin PBXFileReference section */
		0BADE8AAE59E45F381FC71BE /* Default-Portrait@2x.png */ = {isa = PBXFileReference; lastKnownFileType = image.png; name = "Default-Portrait@2x.png"; path = "Demo/Resources/Default-Portrait@2x.png"; sourceTree = "<group>"; };
		22C63D62BAAE4270957C4363 /* Icon-Small-50.png */ = {isa = PBXFileReference; lastKnownFileType = image.png; name = "Icon-Small-50.png"; path = "Demo/Resources/Icon-Small-50.png"; sourceTree = "<group>"; };
		2955C428A16B4177B074CF0E /* icon.png */ = {isa = PBXFileReference; lastKnownFileType = image.png; name = icon.png; path = Demo/Resources/icon.png; sourceTree = "<group>"; };
		2CAE5A75E8854F978EA1A780 /* icon-76.png */ = {isa = PBXFileReference; lastKnownFileType = image.png; name = "icon-76.png"; path = "Demo/Resources/icon-76.png"; sourceTree = "<group>"; };
		37EDBE497B4E4DBFB4F5A59F /* Default.png */ = {isa = PBXFileReference; lastKnownFileType = image.png; name = Default.png; path = Demo/Resources/Default.png; sourceTree = "<group>"; };
		3DD9D340670F4ABA8CC1B255 /* icon-40.png */ = {isa = PBXFileReference; lastKnownFileType = image.png; name = "icon-40.png"; path = "Demo/Resources/icon-40.png"; sourceTree = "<group>"; };
		43119AEC35E842A2A744E521 /* Default-Portrait.png */ = {isa = PBXFileReference; lastKnownFileType = image.png; name = "Default-Portrait.png"; path = "Demo/Resources/Default-Portrait.png"; sourceTree = "<group>"; };
		4BBF74EF93444AF2A2DCE9B2 /* Icon-Small.png */ = {isa = PBXFileReference; lastKnownFileType = image.png; name = "Icon-Small.png"; path = "Demo/Resources/Icon-Small.png"; sourceTree = "<group>"; };
		61B1FE571C7480320034A542 /* EstimoteSDK.framework */ = {isa = PBXFileReference; lastKnownFileType = wrapper.framework; name = EstimoteSDK.framework; path = Pods/EstimoteSDK/EstimoteSDK/EstimoteSDK.framework; sourceTree = "<group>"; };
		6732992AD73A406A91470903 /* Default-667h@2x.png */ = {isa = PBXFileReference; lastKnownFileType = image.png; name = "Default-667h@2x.png"; path = "Demo/Resources/Default-667h@2x.png"; sourceTree = "<group>"; };
		674E926ABFE64127AC47D97B /* Default@2x.png */ = {isa = PBXFileReference; lastKnownFileType = image.png; name = "Default@2x.png"; path = "Demo/Resources/Default@2x.png"; sourceTree = "<group>"; };
		6A5171B138D6412587167A93 /* icon@2x.png */ = {isa = PBXFileReference; lastKnownFileType = image.png; name = "icon@2x.png"; path = "Demo/Resources/icon@2x.png"; sourceTree = "<group>"; };
		6DB7DD2DF4AA4F6186D485B0 /* Icon-Small-50@2x.png */ = {isa = PBXFileReference; lastKnownFileType = image.png; name = "Icon-Small-50@2x.png"; path = "Demo/Resources/Icon-Small-50@2x.png"; sourceTree = "<group>"; };
		858B832E18CA111C00AB12DE /* Demo.app */ = {isa = PBXFileReference; explicitFileType = wrapper.application; includeInIndex = 0; path = Demo.app; sourceTree = BUILT_PRODUCTS_DIR; };
		858B833918CA111C00AB12DE /* Demo-Info.plist */ = {isa = PBXFileReference; lastKnownFileType = text.plist.xml; path = "Demo-Info.plist"; sourceTree = "<group>"; };
		858B833B18CA111C00AB12DE /* en */ = {isa = PBXFileReference; lastKnownFileType = text.plist.strings; name = en; path = en.lproj/InfoPlist.strings; sourceTree = "<group>"; };
		858B833F18CA111C00AB12DE /* Demo-Prefix.pch */ = {isa = PBXFileReference; lastKnownFileType = sourcecode.c.h; path = "Demo-Prefix.pch"; sourceTree = "<group>"; };
		858B843318CA22B800AB12DE /* Demo.app */ = {isa = PBXFileReference; explicitFileType = wrapper.application; includeInIndex = 0; path = Demo.app; sourceTree = BUILT_PRODUCTS_DIR; };
		A1FF58C82DAF52B36E08B57B /* Pods.framework */ = {isa = PBXFileReference; explicitFileType = wrapper.framework; includeInIndex = 0; path = Pods.framework; sourceTree = BUILT_PRODUCTS_DIR; };
		A502A33BAC0C41549A6851B0 /* icon-60.png */ = {isa = PBXFileReference; lastKnownFileType = image.png; name = "icon-60.png"; path = "Demo/Resources/icon-60.png"; sourceTree = "<group>"; };
		ACD5C213E93444B7B9763E74 /* icon-60@2x.png */ = {isa = PBXFileReference; lastKnownFileType = image.png; name = "icon-60@2x.png"; path = "Demo/Resources/icon-60@2x.png"; sourceTree = "<group>"; };
		ADB196F60A1F4F26A720B83F /* Default-568h@2x.png */ = {isa = PBXFileReference; lastKnownFileType = image.png; name = "Default-568h@2x.png"; path = "Demo/Resources/Default-568h@2x.png"; sourceTree = "<group>"; };
		CAFBE42036764DB5B5C740F8 /* Default-Landscape.png */ = {isa = PBXFileReference; lastKnownFileType = image.png; name = "Default-Landscape.png"; path = "Demo/Resources/Default-Landscape.png"; sourceTree = "<group>"; };
		CD0AC45EB03E430888105766 /* icon-72.png */ = {isa = PBXFileReference; lastKnownFileType = image.png; name = "icon-72.png"; path = "Demo/Resources/icon-72.png"; sourceTree = "<group>"; };
		CD45EE7A18DC2D5800FB50C0 /* app */ = {isa = PBXFileReference; lastKnownFileType = folder; path = app; sourceTree = "<group>"; };
		CD62955C1BB2678900AE3A93 /* main.m */ = {isa = PBXFileReference; fileEncoding = 4; lastKnownFileType = sourcecode.c.objc; name = main.m; path = internal/main.m; sourceTree = SOURCE_ROOT; };
		CDD59A261BB43B5D00EC2671 /* build-debug.xcconfig */ = {isa = PBXFileReference; fileEncoding = 4; lastKnownFileType = text.xcconfig; path = "build-debug.xcconfig"; sourceTree = "<group>"; };
		CDD59A271BB43B5D00EC2671 /* build-release.xcconfig */ = {isa = PBXFileReference; fileEncoding = 4; lastKnownFileType = text.xcconfig; path = "build-release.xcconfig"; sourceTree = "<group>"; };
		CDF4743E1BA4855C0087EA85 /* build.xcconfig */ = {isa = PBXFileReference; fileEncoding = 4; lastKnownFileType = text.xcconfig; path = build.xcconfig; sourceTree = "<group>"; };
		D63BBC53D61C4BAF94FC8EAB /* Default-Landscape@2x.png */ = {isa = PBXFileReference; lastKnownFileType = image.png; name = "Default-Landscape@2x.png"; path = "Demo/Resources/Default-Landscape@2x.png"; sourceTree = "<group>"; };
		E599D3ADC12D4DD18B4EEC1F /* Default-Landscape-568h@2x.png */ = {isa = PBXFileReference; lastKnownFileType = image.png; name = "Default-Landscape-568h@2x.png"; path = "Demo/Resources/Default-Landscape-568h@2x.png"; sourceTree = "<group>"; };
		E681E70A82BA4442BD3C8209 /* icon-40@2x.png */ = {isa = PBXFileReference; lastKnownFileType = image.png; name = "icon-40@2x.png"; path = "Demo/Resources/icon-40@2x.png"; sourceTree = "<group>"; };
		E8A6CF1B20C94CD18E28389D /* Icon-Small@2x.png */ = {isa = PBXFileReference; lastKnownFileType = image.png; name = "Icon-Small@2x.png"; path = "Demo/Resources/Icon-Small@2x.png"; sourceTree = "<group>"; };
		E9AD1B911B454044A224FD26 /* Default-Landscape@3x.png */ = {isa = PBXFileReference; lastKnownFileType = image.png; name = "Default-Landscape@3x.png"; path = "Demo/Resources/Default-Landscape@3x.png"; sourceTree = "<group>"; };
		F303F473F09542448C76EE8D /* icon-76@2x.png */ = {isa = PBXFileReference; lastKnownFileType = image.png; name = "icon-76@2x.png"; path = "Demo/Resources/icon-76@2x.png"; sourceTree = "<group>"; };
		F37ADC0C01A4421F98D197A5 /* icon-72@2x.png */ = {isa = PBXFileReference; lastKnownFileType = image.png; name = "icon-72@2x.png"; path = "Demo/Resources/icon-72@2x.png"; sourceTree = "<group>"; };
		F65ED4BD390648D1B851DB81 /* Default-736h@3x.png */ = {isa = PBXFileReference; lastKnownFileType = image.png; name = "Default-736h@3x.png"; path = "Demo/Resources/Default-736h@3x.png"; sourceTree = "<group>"; };
		F9B8C6A31ACEDEEB00547416 /* en */ = {isa = PBXFileReference; lastKnownFileType = file.xib; name = en; path = en.lproj/LaunchScreen.xib; sourceTree = "<group>"; };
		FD214B8271DC40DCA89D1A6E /* Default-Landscape-667h@2x.png */ = {isa = PBXFileReference; lastKnownFileType = image.png; name = "Default-Landscape-667h@2x.png"; path = "Demo/Resources/Default-Landscape-667h@2x.png"; sourceTree = "<group>"; };
/* End PBXFileReference section */

/* Begin PBXFrameworksBuildPhase section */
		858B83F418CA22B800AB12DE /* Frameworks */ = {
			isa = PBXFrameworksBuildPhase;
			buildActionMask = 2147483647;
			files = (
				892C07B864FC4DB2F7571E7E /* Pods.framework in Frameworks */,
			);
			runOnlyForDeploymentPostprocessing = 0;
		};
/* End PBXFrameworksBuildPhase section */

/* Begin PBXGroup section */
		847502797B23E935663F0AC9 /* Pods */ = {
			isa = PBXGroup;
			children = (
			);
			name = Pods;
			sourceTree = "<group>";
		};
		858B832518CA111C00AB12DE = {
			isa = PBXGroup;
			children = (
				E070579D1B39A9D000214BF1 /* Resources */,
				858B833718CA111C00AB12DE /* Demo */,
				858B833018CA111C00AB12DE /* Frameworks */,
				858B832F18CA111C00AB12DE /* Products */,
				847502797B23E935663F0AC9 /* Pods */,
			);
			sourceTree = "<group>";
		};
		858B832F18CA111C00AB12DE /* Products */ = {
			isa = PBXGroup;
			children = (
				858B832E18CA111C00AB12DE /* Demo.app */,
				858B843318CA22B800AB12DE /* Demo.app */,
			);
			name = Products;
			sourceTree = "<group>";
		};
		858B833018CA111C00AB12DE /* Frameworks */ = {
			isa = PBXGroup;
			children = (
				61B1FE571C7480320034A542 /* EstimoteSDK.framework */,
				A1FF58C82DAF52B36E08B57B /* Pods.framework */,
			);
			name = Frameworks;
			sourceTree = "<group>";
		};
		858B833718CA111C00AB12DE /* Demo */ = {
			isa = PBXGroup;
			children = (
				CD45EE7A18DC2D5800FB50C0 /* app */,
				F9B8C6A21ACEDEEB00547416 /* LaunchScreen.xib */,
				858B833818CA111C00AB12DE /* Supporting Files */,
			);
			path = Demo;
			sourceTree = "<group>";
		};
		858B833818CA111C00AB12DE /* Supporting Files */ = {
			isa = PBXGroup;
			children = (
				CDF4743E1BA4855C0087EA85 /* build.xcconfig */,
				CDD59A261BB43B5D00EC2671 /* build-debug.xcconfig */,
				CDD59A271BB43B5D00EC2671 /* build-release.xcconfig */,
				858B833918CA111C00AB12DE /* Demo-Info.plist */,
				858B833A18CA111C00AB12DE /* InfoPlist.strings */,
				CD62955C1BB2678900AE3A93 /* main.m */,
				858B833F18CA111C00AB12DE /* Demo-Prefix.pch */,
			);
			name = "Supporting Files";
			sourceTree = "<group>";
		};
		E070579D1B39A9D000214BF1 /* Resources */ = {
			isa = PBXGroup;
			children = (
				ADB196F60A1F4F26A720B83F /* Default-568h@2x.png */,
				6732992AD73A406A91470903 /* Default-667h@2x.png */,
				F65ED4BD390648D1B851DB81 /* Default-736h@3x.png */,
				E599D3ADC12D4DD18B4EEC1F /* Default-Landscape-568h@2x.png */,
				FD214B8271DC40DCA89D1A6E /* Default-Landscape-667h@2x.png */,
				CAFBE42036764DB5B5C740F8 /* Default-Landscape.png */,
				D63BBC53D61C4BAF94FC8EAB /* Default-Landscape@2x.png */,
				E9AD1B911B454044A224FD26 /* Default-Landscape@3x.png */,
				43119AEC35E842A2A744E521 /* Default-Portrait.png */,
				0BADE8AAE59E45F381FC71BE /* Default-Portrait@2x.png */,
				37EDBE497B4E4DBFB4F5A59F /* Default.png */,
				674E926ABFE64127AC47D97B /* Default@2x.png */,
				22C63D62BAAE4270957C4363 /* Icon-Small-50.png */,
				6DB7DD2DF4AA4F6186D485B0 /* Icon-Small-50@2x.png */,
				4BBF74EF93444AF2A2DCE9B2 /* Icon-Small.png */,
				E8A6CF1B20C94CD18E28389D /* Icon-Small@2x.png */,
				3DD9D340670F4ABA8CC1B255 /* icon-40.png */,
				E681E70A82BA4442BD3C8209 /* icon-40@2x.png */,
				A502A33BAC0C41549A6851B0 /* icon-60.png */,
				ACD5C213E93444B7B9763E74 /* icon-60@2x.png */,
				CD0AC45EB03E430888105766 /* icon-72.png */,
				F37ADC0C01A4421F98D197A5 /* icon-72@2x.png */,
				2CAE5A75E8854F978EA1A780 /* icon-76.png */,
				F303F473F09542448C76EE8D /* icon-76@2x.png */,
				2955C428A16B4177B074CF0E /* icon.png */,
				6A5171B138D6412587167A93 /* icon@2x.png */,
			);
			name = Resources;
			sourceTree = "<group>";
		};
/* End PBXGroup section */

/* Begin PBXNativeTarget section */
		858B83EF18CA22B800AB12DE /* Demo */ = {
			isa = PBXNativeTarget;
			buildConfigurationList = 858B843018CA22B800AB12DE /* Build configuration list for PBXNativeTarget "Demo" */;
			buildPhases = (
				3A9590EE736DBF284703AB1A /* Check Pods Manifest.lock */,
				C97FD7AC1ADE5369004DB2A4 /* NativeScript PreBuild */,
				858B83F218CA22B800AB12DE /* Sources */,
				CD62955B1BB2651D00AE3A93 /* NativeScript PreLink */,
				858B83F418CA22B800AB12DE /* Frameworks */,
				858B842C18CA22B800AB12DE /* Resources */,
				85F5BDFC1A9363BE006B9701 /* Embed Frameworks */,
				CD3EAD351B05FF060042DBFC /* NativeScript PostBuild */,
				0105A905EB7CCB6E7C0B8CBC /* Embed Pods Frameworks */,
				E67E965086A362AFECB1BA0F /* Copy Pods Resources */,
			);
			buildRules = (
			);
			dependencies = (
			);
			name = Demo;
			productName = JDBridgeApp;
			productReference = 858B843318CA22B800AB12DE /* Demo.app */;
			productType = "com.apple.product-type.application";
		};
/* End PBXNativeTarget section */

/* Begin PBXProject section */
		858B832618CA111C00AB12DE /* Project object */ = {
			isa = PBXProject;
			attributes = {
				CLASSPREFIX = TNS;
				LastUpgradeCheck = 500;
				ORGANIZATIONNAME = Telerik;
			};
			buildConfigurationList = 858B832918CA111C00AB12DE /* Build configuration list for PBXProject "Demo" */;
			compatibilityVersion = "Xcode 3.2";
			developmentRegion = English;
			hasScannedForEncodings = 0;
			knownRegions = (
				en,
			);
			mainGroup = 858B832518CA111C00AB12DE;
			productRefGroup = 858B832F18CA111C00AB12DE /* Products */;
			projectDirPath = "";
			projectRoot = "";
			targets = (
				858B83EF18CA22B800AB12DE /* Demo */,
			);
		};
/* End PBXProject section */

/* Begin PBXResourcesBuildPhase section */
		858B842C18CA22B800AB12DE /* Resources */ = {
			isa = PBXResourcesBuildPhase;
			buildActionMask = 2147483647;
			files = (
				CD45EE7C18DC2D5800FB50C0 /* app in Resources */,
				858B842D18CA22B800AB12DE /* InfoPlist.strings in Resources */,
				850BD246855945CDBD82A830 /* Default-568h@2x.png in Resources */,
				8FC00087740D47E19F87459A /* Default-667h@2x.png in Resources */,
				5457ED4CA1004D2D9C3D2AB4 /* Default-736h@3x.png in Resources */,
				98448FA7524543D5A4BFC3AE /* Default-Landscape-568h@2x.png in Resources */,
				436D228C2461439DBC178922 /* Default-Landscape-667h@2x.png in Resources */,
				E22557A9B8414E6C91704DD2 /* Default-Landscape.png in Resources */,
				25CB1392FD9342CABE194C03 /* Default-Landscape@2x.png in Resources */,
				D8554481FEC94343B0C08D8F /* Default-Landscape@3x.png in Resources */,
				830DE70E737C48E7AEC0A3D3 /* Default-Portrait.png in Resources */,
				8C9F8D7A50EC473C81180306 /* Default-Portrait@2x.png in Resources */,
				59078CDBFB1441E4AAA725EA /* Default.png in Resources */,
				76BD8FE7EF1147198361549A /* Default@2x.png in Resources */,
				958FE22E324F4B8B8C36278A /* Icon-Small-50.png in Resources */,
				E75D30A811EB412CA191F238 /* Icon-Small-50@2x.png in Resources */,
				677A85EEEBE34FC296C8AFDF /* Icon-Small.png in Resources */,
				729A028041374A52BBF927A0 /* Icon-Small@2x.png in Resources */,
				EA721FD3946F4BF3B10E3E89 /* icon-40.png in Resources */,
				254DAAFB6A5F402CA53C2697 /* icon-40@2x.png in Resources */,
				428843F74BA64A1381A2A18E /* icon-60.png in Resources */,
				85720BBD59CF4283B4AA711D /* icon-60@2x.png in Resources */,
				607C48A32D8D45C58F2508B2 /* icon-72.png in Resources */,
				BDB3318EEC9849EAA05E84DE /* icon-72@2x.png in Resources */,
				1AFA71587F94438BBB335295 /* icon-76.png in Resources */,
				CA956F21AEBC4CFEA021F2B2 /* icon-76@2x.png in Resources */,
				C32A6C09FAB7420DAD515EAF /* icon.png in Resources */,
				1132A18FF7624F3AA0BE1D43 /* icon@2x.png in Resources */,
			);
			runOnlyForDeploymentPostprocessing = 0;
		};
/* End PBXResourcesBuildPhase section */

/* Begin PBXShellScriptBuildPhase section */
		0105A905EB7CCB6E7C0B8CBC /* Embed Pods Frameworks */ = {
			isa = PBXShellScriptBuildPhase;
			buildActionMask = 2147483647;
			files = (
			);
			inputPaths = (
			);
			name = "Embed Pods Frameworks";
			outputPaths = (
			);
			runOnlyForDeploymentPostprocessing = 0;
			shellPath = /bin/sh;
			shellScript = "\"${SRCROOT}/Pods/Target Support Files/Pods/Pods-frameworks.sh\"\n";
			showEnvVarsInLog = 0;
		};
		3A9590EE736DBF284703AB1A /* Check Pods Manifest.lock */ = {
			isa = PBXShellScriptBuildPhase;
			buildActionMask = 2147483647;
			files = (
			);
			inputPaths = (
			);
			name = "Check Pods Manifest.lock";
			outputPaths = (
			);
			runOnlyForDeploymentPostprocessing = 0;
			shellPath = /bin/sh;
			shellScript = "diff \"${PODS_ROOT}/../Podfile.lock\" \"${PODS_ROOT}/Manifest.lock\" > /dev/null\nif [[ $? != 0 ]] ; then\n    cat << EOM\nerror: The sandbox is not in sync with the Podfile.lock. Run 'pod install' or update your CocoaPods installation.\nEOM\n    exit 1\nfi\n";
			showEnvVarsInLog = 0;
		};
		C97FD7AC1ADE5369004DB2A4 /* NativeScript PreBuild */ = {
			isa = PBXShellScriptBuildPhase;
			buildActionMask = 2147483647;
			files = (
			);
			inputPaths = (
			);
			name = "NativeScript PreBuild";
			outputPaths = (
			);
			runOnlyForDeploymentPostprocessing = 0;
			shellPath = /bin/sh;
			shellScript = "\"$SRCROOT/internal/nativescript-pre-build\"";
			showEnvVarsInLog = 0;
		};
		CD3EAD351B05FF060042DBFC /* NativeScript PostBuild */ = {
			isa = PBXShellScriptBuildPhase;
			buildActionMask = 2147483647;
			files = (
			);
			inputPaths = (
			);
			name = "NativeScript PostBuild";
			outputPaths = (
			);
			runOnlyForDeploymentPostprocessing = 0;
			shellPath = /bin/sh;
			shellScript = "\"$SRCROOT/internal/nativescript-post-build\"";
			showEnvVarsInLog = 0;
		};
		CD62955B1BB2651D00AE3A93 /* NativeScript PreLink */ = {
			isa = PBXShellScriptBuildPhase;
			buildActionMask = 2147483647;
			files = (
			);
			inputPaths = (
			);
			name = "NativeScript PreLink";
			outputPaths = (
			);
			runOnlyForDeploymentPostprocessing = 0;
			shellPath = /bin/sh;
			shellScript = "\"$SRCROOT/internal/nativescript-pre-link\"";
			showEnvVarsInLog = 0;
		};
		E67E965086A362AFECB1BA0F /* Copy Pods Resources */ = {
			isa = PBXShellScriptBuildPhase;
			buildActionMask = 2147483647;
			files = (
			);
			inputPaths = (
			);
			name = "Copy Pods Resources";
			outputPaths = (
			);
			runOnlyForDeploymentPostprocessing = 0;
			shellPath = /bin/sh;
			shellScript = "\"${SRCROOT}/Pods/Target Support Files/Pods/Pods-resources.sh\"\n";
			showEnvVarsInLog = 0;
		};
/* End PBXShellScriptBuildPhase section */

/* Begin PBXSourcesBuildPhase section */
		858B83F218CA22B800AB12DE /* Sources */ = {
			isa = PBXSourcesBuildPhase;
			buildActionMask = 2147483647;
			files = (
				CD62955D1BB2678900AE3A93 /* main.m in Sources */,
			);
			runOnlyForDeploymentPostprocessing = 0;
		};
/* End PBXSourcesBuildPhase section */

/* Begin PBXVariantGroup section */
		858B833A18CA111C00AB12DE /* InfoPlist.strings */ = {
			isa = PBXVariantGroup;
			children = (
				858B833B18CA111C00AB12DE /* en */,
			);
			name = InfoPlist.strings;
			sourceTree = "<group>";
		};
		F9B8C6A21ACEDEEB00547416 /* LaunchScreen.xib */ = {
			isa = PBXVariantGroup;
			children = (
				F9B8C6A31ACEDEEB00547416 /* en */,
			);
			name = LaunchScreen.xib;
			sourceTree = "<group>";
		};
/* End PBXVariantGroup section */

/* Begin XCBuildConfiguration section */
		858B835818CA111C00AB12DE /* Debug */ = {
			isa = XCBuildConfiguration;
			buildSettings = {
				ALWAYS_SEARCH_USER_PATHS = NO;
				ARCHS = "$(ARCHS_STANDARD)";
				CLANG_CXX_LANGUAGE_STANDARD = "gnu++0x";
				CLANG_CXX_LIBRARY = "libc++";
				CLANG_ENABLE_MODULES = YES;
				CLANG_ENABLE_OBJC_ARC = YES;
				CLANG_WARN_BOOL_CONVERSION = YES;
				CLANG_WARN_CONSTANT_CONVERSION = YES;
				CLANG_WARN_DIRECT_OBJC_ISA_USAGE = YES_ERROR;
				CLANG_WARN_EMPTY_BODY = YES;
				CLANG_WARN_ENUM_CONVERSION = YES;
				CLANG_WARN_INT_CONVERSION = YES;
				CLANG_WARN_OBJC_ROOT_CLASS = YES_ERROR;
				CLANG_WARN__DUPLICATE_METHOD_MATCH = YES;
				"CODE_SIGN_IDENTITY[sdk=iphoneos*]" = "iPhone Developer";
				COPY_PHASE_STRIP = NO;
				GCC_C_LANGUAGE_STANDARD = gnu99;
				GCC_DYNAMIC_NO_PIC = NO;
				GCC_OPTIMIZATION_LEVEL = 0;
				GCC_SYMBOLS_PRIVATE_EXTERN = NO;
				GCC_WARN_64_TO_32_BIT_CONVERSION = YES;
				GCC_WARN_ABOUT_RETURN_TYPE = YES_ERROR;
				GCC_WARN_UNDECLARED_SELECTOR = YES;
				GCC_WARN_UNINITIALIZED_AUTOS = YES;
				GCC_WARN_UNUSED_FUNCTION = YES;
				GCC_WARN_UNUSED_VARIABLE = YES;
				IPHONEOS_DEPLOYMENT_TARGET = 8.0;
				ONLY_ACTIVE_ARCH = YES;
				SDKROOT = iphoneos;
				TARGETED_DEVICE_FAMILY = "1,2";
				VALID_ARCHS = "armv7 arm64";
			};
			name = Debug;
		};
		858B835918CA111C00AB12DE /* Release */ = {
			isa = XCBuildConfiguration;
			buildSettings = {
				ALWAYS_SEARCH_USER_PATHS = NO;
				ARCHS = "$(ARCHS_STANDARD)";
				CLANG_CXX_LANGUAGE_STANDARD = "gnu++0x";
				CLANG_CXX_LIBRARY = "libc++";
				CLANG_ENABLE_MODULES = YES;
				CLANG_ENABLE_OBJC_ARC = YES;
				CLANG_WARN_BOOL_CONVERSION = YES;
				CLANG_WARN_CONSTANT_CONVERSION = YES;
				CLANG_WARN_DIRECT_OBJC_ISA_USAGE = YES_ERROR;
				CLANG_WARN_EMPTY_BODY = YES;
				CLANG_WARN_ENUM_CONVERSION = YES;
				CLANG_WARN_INT_CONVERSION = YES;
				CLANG_WARN_OBJC_ROOT_CLASS = YES_ERROR;
				CLANG_WARN__DUPLICATE_METHOD_MATCH = YES;
				"CODE_SIGN_IDENTITY[sdk=iphoneos*]" = "iPhone Developer";
				COPY_PHASE_STRIP = YES;
				ENABLE_NS_ASSERTIONS = NO;
				GCC_C_LANGUAGE_STANDARD = gnu99;
				GCC_WARN_64_TO_32_BIT_CONVERSION = YES;
				GCC_WARN_ABOUT_RETURN_TYPE = YES_ERROR;
				GCC_WARN_UNDECLARED_SELECTOR = YES;
				GCC_WARN_UNINITIALIZED_AUTOS = YES;
				GCC_WARN_UNUSED_FUNCTION = YES;
				GCC_WARN_UNUSED_VARIABLE = YES;
				IPHONEOS_DEPLOYMENT_TARGET = 8.0;
				SDKROOT = iphoneos;
				TARGETED_DEVICE_FAMILY = "1,2";
				VALIDATE_PRODUCT = YES;
				VALID_ARCHS = "armv7 arm64";
			};
			name = Release;
		};
		858B843118CA22B800AB12DE /* Debug */ = {
			isa = XCBuildConfiguration;
			baseConfigurationReference = CDD59A261BB43B5D00EC2671 /* build-debug.xcconfig */;
			buildSettings = {
				ARCHS = "$(ARCHS_STANDARD)";
				CLANG_ENABLE_MODULES = NO;
				CLANG_MODULES_AUTOLINK = NO;
				ENABLE_BITCODE = NO;
				FRAMEWORK_SEARCH_PATHS = (
					"$(inherited)",
					"$(PROJECT_DIR)/Pods/EstimoteSDK/EstimoteSDK",
				);
				GCC_PRECOMPILE_PREFIX_HEADER = YES;
				GCC_PREFIX_HEADER = "Demo/Demo-Prefix.pch";
				GCC_PREPROCESSOR_DEFINITIONS = (
					"$(inherited)",
					"DEBUG=1",
				);
				INFOPLIST_FILE = "$(SRCROOT)/Demo/Demo-Info.plist";
				LD_RUNPATH_SEARCH_PATHS = "$(inherited) @executable_path/Frameworks";
				PRODUCT_NAME = Demo;
				VALID_ARCHS = "armv7 arm64";
				WRAPPER_EXTENSION = app;
			};
			name = Debug;
		};
		858B843218CA22B800AB12DE /* Release */ = {
			isa = XCBuildConfiguration;
			baseConfigurationReference = CDD59A271BB43B5D00EC2671 /* build-release.xcconfig */;
			buildSettings = {
				ARCHS = "$(ARCHS_STANDARD)";
				CLANG_ENABLE_MODULES = NO;
				CLANG_MODULES_AUTOLINK = NO;
				ENABLE_BITCODE = NO;
				FRAMEWORK_SEARCH_PATHS = (
					"$(inherited)",
					"$(PROJECT_DIR)/Pods/EstimoteSDK/EstimoteSDK",
				);
				GCC_PRECOMPILE_PREFIX_HEADER = YES;
				GCC_PREFIX_HEADER = "Demo/Demo-Prefix.pch";
				INFOPLIST_FILE = "$(SRCROOT)/Demo/Demo-Info.plist";
				LD_RUNPATH_SEARCH_PATHS = "$(inherited) @executable_path/Frameworks";
				PRODUCT_NAME = Demo;
				VALID_ARCHS = "armv7 arm64";
				WRAPPER_EXTENSION = app;
			};
			name = Release;
		};
/* End XCBuildConfiguration section */

/* Begin XCConfigurationList section */
		858B832918CA111C00AB12DE /* Build configuration list for PBXProject "Demo" */ = {
			isa = XCConfigurationList;
			buildConfigurations = (
				858B835818CA111C00AB12DE /* Debug */,
				858B835918CA111C00AB12DE /* Release */,
			);
			defaultConfigurationIsVisible = 0;
			defaultConfigurationName = Release;
		};
		858B843018CA22B800AB12DE /* Build configuration list for PBXNativeTarget "Demo" */ = {
			isa = XCConfigurationList;
			buildConfigurations = (
				858B843118CA22B800AB12DE /* Debug */,
				858B843218CA22B800AB12DE /* Release */,
			);
			defaultConfigurationIsVisible = 0;
			defaultConfigurationName = Release;
		};
/* End XCConfigurationList section */
	};
	rootObject = 858B832618CA111C00AB12DE /* Project object */;
}
