// !$*UTF8*$!
{
	archiveVersion = 1;
	classes = {
	};
	objectVersion = 46;
	objects = {
/* Begin PBXBuildFile section */
		13B0A1A029AA4CEA931FBA05 /* Default-667h@2x.png in Resources */ = {isa = PBXBuildFile; fileRef = 0583E0376A1443CC8ECED648 /* Default-667h@2x.png */; };
		1C556823E2214DA194C6114C /* icon-72.png in Resources */ = {isa = PBXBuildFile; fileRef = 53EDB8646AD34FB2AA36ABC3 /* icon-72.png */; };
		26EB2EBB4377491A94E1F95E /* Icon-Small.png in Resources */ = {isa = PBXBuildFile; fileRef = DF56AD4E2E6C4E2FAB7AE411 /* Icon-Small.png */; };
		3ABAE730A0154E948E890869 /* Default-Landscape-667h@2x.png in Resources */ = {isa = PBXBuildFile; fileRef = 7C6BBE4AED9D46A2B97E95EE /* Default-Landscape-667h@2x.png */; };
		52B250D963F947DE9B1F4609 /* Default-Landscape@3x.png in Resources */ = {isa = PBXBuildFile; fileRef = ADFDBD5D9A084423A494000B /* Default-Landscape@3x.png */; };
		54C1552B18E74A71B63755F9 /* Default@2x.png in Resources */ = {isa = PBXBuildFile; fileRef = 6F75C76BB4FF4C24A1982B95 /* Default@2x.png */; };
		550206506C6842BE9B7E252C /* Default-568h@2x.png in Resources */ = {isa = PBXBuildFile; fileRef = 505D2D418CEF4995B2339C36 /* Default-568h@2x.png */; };
		5FF001FAE5FB4C8880E420AA /* icon-60.png in Resources */ = {isa = PBXBuildFile; fileRef = 23C04B2F1BC84242A449294C /* icon-60.png */; };
		60168EC8F46D4AF1838501F4 /* icon.png in Resources */ = {isa = PBXBuildFile; fileRef = 220558E3F74F4949A2BFD5AA /* icon.png */; };
		61DAC88C9B7B4E148DE3DF1E /* Default-736h@3x.png in Resources */ = {isa = PBXBuildFile; fileRef = 803FE165682D44E5BF60B0A8 /* Default-736h@3x.png */; };
		651FAC33266844E7BAD23708 /* Icon-Small@2x.png in Resources */ = {isa = PBXBuildFile; fileRef = DA1B3F391385409CB17B5FDD /* Icon-Small@2x.png */; };
		6CFB46DAF3E94A9A990D1253 /* Default-Portrait.png in Resources */ = {isa = PBXBuildFile; fileRef = 611D573AC82D4770A4D2709C /* Default-Portrait.png */; };
		719EC6C302D4455AA458B13F /* icon-72@2x.png in Resources */ = {isa = PBXBuildFile; fileRef = 583EB5B6D2444850A596585B /* icon-72@2x.png */; };
		8539D6C78F1F4DACAF610D9E /* icon-40.png in Resources */ = {isa = PBXBuildFile; fileRef = 1F17B7343624412DA13620CB /* icon-40.png */; };
		858B842D18CA22B800AB12DE /* InfoPlist.strings in Resources */ = {isa = PBXBuildFile; fileRef = 858B833A18CA111C00AB12DE /* InfoPlist.strings */; };
		AC5B7C6C6D1D4418A3F4F50F /* Default-Portrait@2x.png in Resources */ = {isa = PBXBuildFile; fileRef = AE5F10A45814469EA1EB8EEC /* Default-Portrait@2x.png */; };
		B1B90DAEBAAA400AB17857D0 /* Default-Landscape-568h@2x.png in Resources */ = {isa = PBXBuildFile; fileRef = 195A9DBF894E4EDD8E645A20 /* Default-Landscape-568h@2x.png */; };
		B6486B50405B42579025F49B /* icon-60@2x.png in Resources */ = {isa = PBXBuildFile; fileRef = 6E2CCC60A7894A7B9A5038C9 /* icon-60@2x.png */; };
		BC88AA83C24944C98D661FDD /* icon-40@2x.png in Resources */ = {isa = PBXBuildFile; fileRef = 240EE185587643C5ABE85EC4 /* icon-40@2x.png */; };
		C64178CBD67641569EBBD594 /* Default.png in Resources */ = {isa = PBXBuildFile; fileRef = DC00F84596F2401B800D050A /* Default.png */; };
		CA6583CF9CE9B1DDB65ABCD7 /* Pods.framework in Frameworks */ = {isa = PBXBuildFile; fileRef = 50FA57FA17B5E9AE9D21A531 /* Pods.framework */; };
		CD45EE7C18DC2D5800FB50C0 /* app in Resources */ = {isa = PBXBuildFile; fileRef = CD45EE7A18DC2D5800FB50C0 /* app */; };
		CD62955D1BB2678900AE3A93 /* main.m in Sources */ = {isa = PBXBuildFile; fileRef = CD62955C1BB2678900AE3A93 /* main.m */; };
		CEB494F581BC44B7BC3866E1 /* icon@2x.png in Resources */ = {isa = PBXBuildFile; fileRef = 7ADE4267A3414A06853916DC /* icon@2x.png */; };
		D2691FC63F7F4188BFCD31AE /* Icon-Small-50.png in Resources */ = {isa = PBXBuildFile; fileRef = 6433E8D90AF84DC198C63342 /* Icon-Small-50.png */; };
		D443F11CB0C645DCB0339252 /* Default-Landscape@2x.png in Resources */ = {isa = PBXBuildFile; fileRef = D5D663BF3DE148CDACB0952B /* Default-Landscape@2x.png */; };
		D6294E9BEE76489186F27B54 /* icon-76@2x.png in Resources */ = {isa = PBXBuildFile; fileRef = 7E115D98E7324AB793A7CEA4 /* icon-76@2x.png */; };
		DA3C078A355D42DF807C1462 /* Default-Landscape.png in Resources */ = {isa = PBXBuildFile; fileRef = 895B4AA4F93A4F05A3054EF8 /* Default-Landscape.png */; };
		DD51269DC92749F2A39D0DB2 /* icon-76.png in Resources */ = {isa = PBXBuildFile; fileRef = C60FC2A2E930497FA0FD9466 /* icon-76.png */; };
		F7E3967D83F343CB9287D781 /* Icon-Small-50@2x.png in Resources */ = {isa = PBXBuildFile; fileRef = 02EED22E98E44480A28A79EB /* Icon-Small-50@2x.png */; };
/* End PBXBuildFile section */

/* Begin PBXCopyFilesBuildPhase section */
		85F5BDFC1A9363BE006B9701 /* Embed Frameworks */ = {
			isa = PBXCopyFilesBuildPhase;
			buildActionMask = 2147483647;
			dstPath = "";
			dstSubfolderSpec = 10;
			files = (
			);
			name = "Embed Frameworks";
			runOnlyForDeploymentPostprocessing = 0;
		};
/* End PBXCopyFilesBuildPhase section */

/* Begin PBXFileReference section */
		02EED22E98E44480A28A79EB /* Icon-Small-50@2x.png */ = {isa = PBXFileReference; lastKnownFileType = image.png; name = "Icon-Small-50@2x.png"; path = "Demo/Resources/Icon-Small-50@2x.png"; sourceTree = "<group>"; };
		0583E0376A1443CC8ECED648 /* Default-667h@2x.png */ = {isa = PBXFileReference; lastKnownFileType = image.png; name = "Default-667h@2x.png"; path = "Demo/Resources/Default-667h@2x.png"; sourceTree = "<group>"; };
		195A9DBF894E4EDD8E645A20 /* Default-Landscape-568h@2x.png */ = {isa = PBXFileReference; lastKnownFileType = image.png; name = "Default-Landscape-568h@2x.png"; path = "Demo/Resources/Default-Landscape-568h@2x.png"; sourceTree = "<group>"; };
		1F17B7343624412DA13620CB /* icon-40.png */ = {isa = PBXFileReference; lastKnownFileType = image.png; name = "icon-40.png"; path = "Demo/Resources/icon-40.png"; sourceTree = "<group>"; };
		220558E3F74F4949A2BFD5AA /* icon.png */ = {isa = PBXFileReference; lastKnownFileType = image.png; name = icon.png; path = Demo/Resources/icon.png; sourceTree = "<group>"; };
		23C04B2F1BC84242A449294C /* icon-60.png */ = {isa = PBXFileReference; lastKnownFileType = image.png; name = "icon-60.png"; path = "Demo/Resources/icon-60.png"; sourceTree = "<group>"; };
		240EE185587643C5ABE85EC4 /* icon-40@2x.png */ = {isa = PBXFileReference; lastKnownFileType = image.png; name = "icon-40@2x.png"; path = "Demo/Resources/icon-40@2x.png"; sourceTree = "<group>"; };
		505D2D418CEF4995B2339C36 /* Default-568h@2x.png */ = {isa = PBXFileReference; lastKnownFileType = image.png; name = "Default-568h@2x.png"; path = "Demo/Resources/Default-568h@2x.png"; sourceTree = "<group>"; };
		50FA57FA17B5E9AE9D21A531 /* Pods.framework */ = {isa = PBXFileReference; explicitFileType = wrapper.framework; includeInIndex = 0; path = Pods.framework; sourceTree = BUILT_PRODUCTS_DIR; };
		53EDB8646AD34FB2AA36ABC3 /* icon-72.png */ = {isa = PBXFileReference; lastKnownFileType = image.png; name = "icon-72.png"; path = "Demo/Resources/icon-72.png"; sourceTree = "<group>"; };
		583EB5B6D2444850A596585B /* icon-72@2x.png */ = {isa = PBXFileReference; lastKnownFileType = image.png; name = "icon-72@2x.png"; path = "Demo/Resources/icon-72@2x.png"; sourceTree = "<group>"; };
		611D573AC82D4770A4D2709C /* Default-Portrait.png */ = {isa = PBXFileReference; lastKnownFileType = image.png; name = "Default-Portrait.png"; path = "Demo/Resources/Default-Portrait.png"; sourceTree = "<group>"; };
		6433E8D90AF84DC198C63342 /* Icon-Small-50.png */ = {isa = PBXFileReference; lastKnownFileType = image.png; name = "Icon-Small-50.png"; path = "Demo/Resources/Icon-Small-50.png"; sourceTree = "<group>"; };
		6E2CCC60A7894A7B9A5038C9 /* icon-60@2x.png */ = {isa = PBXFileReference; lastKnownFileType = image.png; name = "icon-60@2x.png"; path = "Demo/Resources/icon-60@2x.png"; sourceTree = "<group>"; };
		6F75C76BB4FF4C24A1982B95 /* Default@2x.png */ = {isa = PBXFileReference; lastKnownFileType = image.png; name = "Default@2x.png"; path = "Demo/Resources/Default@2x.png"; sourceTree = "<group>"; };
		7ADE4267A3414A06853916DC /* icon@2x.png */ = {isa = PBXFileReference; lastKnownFileType = image.png; name = "icon@2x.png"; path = "Demo/Resources/icon@2x.png"; sourceTree = "<group>"; };
		7C6BBE4AED9D46A2B97E95EE /* Default-Landscape-667h@2x.png */ = {isa = PBXFileReference; lastKnownFileType = image.png; name = "Default-Landscape-667h@2x.png"; path = "Demo/Resources/Default-Landscape-667h@2x.png"; sourceTree = "<group>"; };
		7E115D98E7324AB793A7CEA4 /* icon-76@2x.png */ = {isa = PBXFileReference; lastKnownFileType = image.png; name = "icon-76@2x.png"; path = "Demo/Resources/icon-76@2x.png"; sourceTree = "<group>"; };
		803FE165682D44E5BF60B0A8 /* Default-736h@3x.png */ = {isa = PBXFileReference; lastKnownFileType = image.png; name = "Default-736h@3x.png"; path = "Demo/Resources/Default-736h@3x.png"; sourceTree = "<group>"; };
		858B832E18CA111C00AB12DE /* Demo.app */ = {isa = PBXFileReference; explicitFileType = wrapper.application; includeInIndex = 0; path = Demo.app; sourceTree = BUILT_PRODUCTS_DIR; };
		858B833918CA111C00AB12DE /* Demo-Info.plist */ = {isa = PBXFileReference; lastKnownFileType = text.plist.xml; path = "Demo-Info.plist"; sourceTree = "<group>"; };
		858B833B18CA111C00AB12DE /* en */ = {isa = PBXFileReference; lastKnownFileType = text.plist.strings; name = en; path = en.lproj/InfoPlist.strings; sourceTree = "<group>"; };
		858B833F18CA111C00AB12DE /* Demo-Prefix.pch */ = {isa = PBXFileReference; lastKnownFileType = sourcecode.c.h; path = "Demo-Prefix.pch"; sourceTree = "<group>"; };
		858B843318CA22B800AB12DE /* Demo.app */ = {isa = PBXFileReference; explicitFileType = wrapper.application; includeInIndex = 0; path = Demo.app; sourceTree = BUILT_PRODUCTS_DIR; };
		895B4AA4F93A4F05A3054EF8 /* Default-Landscape.png */ = {isa = PBXFileReference; lastKnownFileType = image.png; name = "Default-Landscape.png"; path = "Demo/Resources/Default-Landscape.png"; sourceTree = "<group>"; };
		ADFDBD5D9A084423A494000B /* Default-Landscape@3x.png */ = {isa = PBXFileReference; lastKnownFileType = image.png; name = "Default-Landscape@3x.png"; path = "Demo/Resources/Default-Landscape@3x.png"; sourceTree = "<group>"; };
		AE5F10A45814469EA1EB8EEC /* Default-Portrait@2x.png */ = {isa = PBXFileReference; lastKnownFileType = image.png; name = "Default-Portrait@2x.png"; path = "Demo/Resources/Default-Portrait@2x.png"; sourceTree = "<group>"; };
		C60FC2A2E930497FA0FD9466 /* icon-76.png */ = {isa = PBXFileReference; lastKnownFileType = image.png; name = "icon-76.png"; path = "Demo/Resources/icon-76.png"; sourceTree = "<group>"; };
		CD45EE7A18DC2D5800FB50C0 /* app */ = {isa = PBXFileReference; lastKnownFileType = folder; path = app; sourceTree = "<group>"; };
		CD62955C1BB2678900AE3A93 /* main.m */ = {isa = PBXFileReference; fileEncoding = 4; lastKnownFileType = sourcecode.c.objc; name = main.m; path = internal/main.m; sourceTree = SOURCE_ROOT; };
		CDD59A261BB43B5D00EC2671 /* build-debug.xcconfig */ = {isa = PBXFileReference; fileEncoding = 4; lastKnownFileType = text.xcconfig; path = "build-debug.xcconfig"; sourceTree = "<group>"; };
		CDD59A271BB43B5D00EC2671 /* build-release.xcconfig */ = {isa = PBXFileReference; fileEncoding = 4; lastKnownFileType = text.xcconfig; path = "build-release.xcconfig"; sourceTree = "<group>"; };
		CDF4743E1BA4855C0087EA85 /* build.xcconfig */ = {isa = PBXFileReference; fileEncoding = 4; lastKnownFileType = text.xcconfig; path = build.xcconfig; sourceTree = "<group>"; };
		D5D663BF3DE148CDACB0952B /* Default-Landscape@2x.png */ = {isa = PBXFileReference; lastKnownFileType = image.png; name = "Default-Landscape@2x.png"; path = "Demo/Resources/Default-Landscape@2x.png"; sourceTree = "<group>"; };
		DA1B3F391385409CB17B5FDD /* Icon-Small@2x.png */ = {isa = PBXFileReference; lastKnownFileType = image.png; name = "Icon-Small@2x.png"; path = "Demo/Resources/Icon-Small@2x.png"; sourceTree = "<group>"; };
		DC00F84596F2401B800D050A /* Default.png */ = {isa = PBXFileReference; lastKnownFileType = image.png; name = Default.png; path = Demo/Resources/Default.png; sourceTree = "<group>"; };
		DF56AD4E2E6C4E2FAB7AE411 /* Icon-Small.png */ = {isa = PBXFileReference; lastKnownFileType = image.png; name = "Icon-Small.png"; path = "Demo/Resources/Icon-Small.png"; sourceTree = "<group>"; };
		F9B8C6A31ACEDEEB00547416 /* en */ = {isa = PBXFileReference; lastKnownFileType = file.xib; name = en; path = en.lproj/LaunchScreen.xib; sourceTree = "<group>"; };
/* End PBXFileReference section */

/* Begin PBXFrameworksBuildPhase section */
		858B83F418CA22B800AB12DE /* Frameworks */ = {
			isa = PBXFrameworksBuildPhase;
			buildActionMask = 2147483647;
			files = (
				CA6583CF9CE9B1DDB65ABCD7 /* Pods.framework in Frameworks */,
			);
			runOnlyForDeploymentPostprocessing = 0;
		};
/* End PBXFrameworksBuildPhase section */

/* Begin PBXGroup section */
		420990D48A95CE86ED20CAE5 /* Pods */ = {
			isa = PBXGroup;
			children = (
			);
			name = Pods;
			sourceTree = "<group>";
		};
		858B832518CA111C00AB12DE = {
			isa = PBXGroup;
			children = (
				E070579D1B39A9D000214BF1 /* Resources */,
				858B833718CA111C00AB12DE /* Demo */,
				858B833018CA111C00AB12DE /* Frameworks */,
				858B832F18CA111C00AB12DE /* Products */,
				420990D48A95CE86ED20CAE5 /* Pods */,
			);
			sourceTree = "<group>";
		};
		858B832F18CA111C00AB12DE /* Products */ = {
			isa = PBXGroup;
			children = (
				858B832E18CA111C00AB12DE /* Demo.app */,
				858B843318CA22B800AB12DE /* Demo.app */,
			);
			name = Products;
			sourceTree = "<group>";
		};
		858B833018CA111C00AB12DE /* Frameworks */ = {
			isa = PBXGroup;
			children = (
				50FA57FA17B5E9AE9D21A531 /* Pods.framework */,
			);
			name = Frameworks;
			sourceTree = "<group>";
		};
		858B833718CA111C00AB12DE /* Demo */ = {
			isa = PBXGroup;
			children = (
				CD45EE7A18DC2D5800FB50C0 /* app */,
				F9B8C6A21ACEDEEB00547416 /* LaunchScreen.xib */,
				858B833818CA111C00AB12DE /* Supporting Files */,
			);
			path = Demo;
			sourceTree = "<group>";
		};
		858B833818CA111C00AB12DE /* Supporting Files */ = {
			isa = PBXGroup;
			children = (
				CDF4743E1BA4855C0087EA85 /* build.xcconfig */,
				CDD59A261BB43B5D00EC2671 /* build-debug.xcconfig */,
				CDD59A271BB43B5D00EC2671 /* build-release.xcconfig */,
				858B833918CA111C00AB12DE /* Demo-Info.plist */,
				858B833A18CA111C00AB12DE /* InfoPlist.strings */,
				CD62955C1BB2678900AE3A93 /* main.m */,
				858B833F18CA111C00AB12DE /* Demo-Prefix.pch */,
			);
			name = "Supporting Files";
			sourceTree = "<group>";
		};
		E070579D1B39A9D000214BF1 /* Resources */ = {
			isa = PBXGroup;
			children = (
				505D2D418CEF4995B2339C36 /* Default-568h@2x.png */,
				0583E0376A1443CC8ECED648 /* Default-667h@2x.png */,
				803FE165682D44E5BF60B0A8 /* Default-736h@3x.png */,
				195A9DBF894E4EDD8E645A20 /* Default-Landscape-568h@2x.png */,
				7C6BBE4AED9D46A2B97E95EE /* Default-Landscape-667h@2x.png */,
				895B4AA4F93A4F05A3054EF8 /* Default-Landscape.png */,
				D5D663BF3DE148CDACB0952B /* Default-Landscape@2x.png */,
				ADFDBD5D9A084423A494000B /* Default-Landscape@3x.png */,
				611D573AC82D4770A4D2709C /* Default-Portrait.png */,
				AE5F10A45814469EA1EB8EEC /* Default-Portrait@2x.png */,
				DC00F84596F2401B800D050A /* Default.png */,
				6F75C76BB4FF4C24A1982B95 /* Default@2x.png */,
				6433E8D90AF84DC198C63342 /* Icon-Small-50.png */,
				02EED22E98E44480A28A79EB /* Icon-Small-50@2x.png */,
				DF56AD4E2E6C4E2FAB7AE411 /* Icon-Small.png */,
				DA1B3F391385409CB17B5FDD /* Icon-Small@2x.png */,
				1F17B7343624412DA13620CB /* icon-40.png */,
				240EE185587643C5ABE85EC4 /* icon-40@2x.png */,
				23C04B2F1BC84242A449294C /* icon-60.png */,
				6E2CCC60A7894A7B9A5038C9 /* icon-60@2x.png */,
				53EDB8646AD34FB2AA36ABC3 /* icon-72.png */,
				583EB5B6D2444850A596585B /* icon-72@2x.png */,
				C60FC2A2E930497FA0FD9466 /* icon-76.png */,
				7E115D98E7324AB793A7CEA4 /* icon-76@2x.png */,
				220558E3F74F4949A2BFD5AA /* icon.png */,
				7ADE4267A3414A06853916DC /* icon@2x.png */,
			);
			name = Resources;
			sourceTree = "<group>";
		};
/* End PBXGroup section */

/* Begin PBXNativeTarget section */
		858B83EF18CA22B800AB12DE /* Demo */ = {
			isa = PBXNativeTarget;
			buildConfigurationList = 858B843018CA22B800AB12DE /* Build configuration list for PBXNativeTarget "Demo" */;
			buildPhases = (
				85DEE20C5FFE94940662E8EE /* Check Pods Manifest.lock */,
				C97FD7AC1ADE5369004DB2A4 /* NativeScript PreBuild */,
				858B83F218CA22B800AB12DE /* Sources */,
				CD62955B1BB2651D00AE3A93 /* NativeScript PreLink */,
				858B83F418CA22B800AB12DE /* Frameworks */,
				858B842C18CA22B800AB12DE /* Resources */,
				85F5BDFC1A9363BE006B9701 /* Embed Frameworks */,
				CD3EAD351B05FF060042DBFC /* NativeScript PostBuild */,
				E1B93BF8AE5BDC8A2A7832AF /* Embed Pods Frameworks */,
				B6097D4B66E5F277F8759CA8 /* Copy Pods Resources */,
			);
			buildRules = (
			);
			dependencies = (
			);
			name = Demo;
			productName = JDBridgeApp;
			productReference = 858B843318CA22B800AB12DE /* Demo.app */;
			productType = "com.apple.product-type.application";
		};
/* End PBXNativeTarget section */

/* Begin PBXProject section */
		858B832618CA111C00AB12DE /* Project object */ = {
			isa = PBXProject;
			attributes = {
				CLASSPREFIX = TNS;
				LastUpgradeCheck = 500;
				ORGANIZATIONNAME = Telerik;
			};
			buildConfigurationList = 858B832918CA111C00AB12DE /* Build configuration list for PBXProject "Demo" */;
			compatibilityVersion = "Xcode 3.2";
			developmentRegion = English;
			hasScannedForEncodings = 0;
			knownRegions = (
				en,
			);
			mainGroup = 858B832518CA111C00AB12DE;
			productRefGroup = 858B832F18CA111C00AB12DE /* Products */;
			projectDirPath = "";
			projectRoot = "";
			targets = (
				858B83EF18CA22B800AB12DE /* Demo */,
			);
		};
/* End PBXProject section */

/* Begin PBXResourcesBuildPhase section */
		858B842C18CA22B800AB12DE /* Resources */ = {
			isa = PBXResourcesBuildPhase;
			buildActionMask = 2147483647;
			files = (
				CD45EE7C18DC2D5800FB50C0 /* app in Resources */,
				858B842D18CA22B800AB12DE /* InfoPlist.strings in Resources */,
				550206506C6842BE9B7E252C /* Default-568h@2x.png in Resources */,
				13B0A1A029AA4CEA931FBA05 /* Default-667h@2x.png in Resources */,
				61DAC88C9B7B4E148DE3DF1E /* Default-736h@3x.png in Resources */,
				B1B90DAEBAAA400AB17857D0 /* Default-Landscape-568h@2x.png in Resources */,
				3ABAE730A0154E948E890869 /* Default-Landscape-667h@2x.png in Resources */,
				DA3C078A355D42DF807C1462 /* Default-Landscape.png in Resources */,
				D443F11CB0C645DCB0339252 /* Default-Landscape@2x.png in Resources */,
				52B250D963F947DE9B1F4609 /* Default-Landscape@3x.png in Resources */,
				6CFB46DAF3E94A9A990D1253 /* Default-Portrait.png in Resources */,
				AC5B7C6C6D1D4418A3F4F50F /* Default-Portrait@2x.png in Resources */,
				C64178CBD67641569EBBD594 /* Default.png in Resources */,
				54C1552B18E74A71B63755F9 /* Default@2x.png in Resources */,
				D2691FC63F7F4188BFCD31AE /* Icon-Small-50.png in Resources */,
				F7E3967D83F343CB9287D781 /* Icon-Small-50@2x.png in Resources */,
				26EB2EBB4377491A94E1F95E /* Icon-Small.png in Resources */,
				651FAC33266844E7BAD23708 /* Icon-Small@2x.png in Resources */,
				8539D6C78F1F4DACAF610D9E /* icon-40.png in Resources */,
				BC88AA83C24944C98D661FDD /* icon-40@2x.png in Resources */,
				5FF001FAE5FB4C8880E420AA /* icon-60.png in Resources */,
				B6486B50405B42579025F49B /* icon-60@2x.png in Resources */,
				1C556823E2214DA194C6114C /* icon-72.png in Resources */,
				719EC6C302D4455AA458B13F /* icon-72@2x.png in Resources */,
				DD51269DC92749F2A39D0DB2 /* icon-76.png in Resources */,
				D6294E9BEE76489186F27B54 /* icon-76@2x.png in Resources */,
				60168EC8F46D4AF1838501F4 /* icon.png in Resources */,
				CEB494F581BC44B7BC3866E1 /* icon@2x.png in Resources */,
			);
			runOnlyForDeploymentPostprocessing = 0;
		};
/* End PBXResourcesBuildPhase section */

/* Begin PBXShellScriptBuildPhase section */
		85DEE20C5FFE94940662E8EE /* Check Pods Manifest.lock */ = {
			isa = PBXShellScriptBuildPhase;
			buildActionMask = 2147483647;
			files = (
			);
			inputPaths = (
			);
			name = "Check Pods Manifest.lock";
			outputPaths = (
			);
			runOnlyForDeploymentPostprocessing = 0;
			shellPath = /bin/sh;
			shellScript = "diff \"${PODS_ROOT}/../Podfile.lock\" \"${PODS_ROOT}/Manifest.lock\" > /dev/null\nif [[ $? != 0 ]] ; then\n    cat << EOM\nerror: The sandbox is not in sync with the Podfile.lock. Run 'pod install' or update your CocoaPods installation.\nEOM\n    exit 1\nfi\n";
			showEnvVarsInLog = 0;
		};
		B6097D4B66E5F277F8759CA8 /* Copy Pods Resources */ = {
			isa = PBXShellScriptBuildPhase;
			buildActionMask = 2147483647;
			files = (
			);
			inputPaths = (
			);
			name = "Copy Pods Resources";
			outputPaths = (
			);
			runOnlyForDeploymentPostprocessing = 0;
			shellPath = /bin/sh;
			shellScript = "\"${SRCROOT}/Pods/Target Support Files/Pods/Pods-resources.sh\"\n";
			showEnvVarsInLog = 0;
		};
		C97FD7AC1ADE5369004DB2A4 /* NativeScript PreBuild */ = {
			isa = PBXShellScriptBuildPhase;
			buildActionMask = 2147483647;
			files = (
			);
			inputPaths = (
			);
			name = "NativeScript PreBuild";
			outputPaths = (
			);
			runOnlyForDeploymentPostprocessing = 0;
			shellPath = /bin/sh;
			shellScript = "\"$SRCROOT/internal/nativescript-pre-build\"";
			showEnvVarsInLog = 0;
		};
		CD3EAD351B05FF060042DBFC /* NativeScript PostBuild */ = {
			isa = PBXShellScriptBuildPhase;
			buildActionMask = 2147483647;
			files = (
			);
			inputPaths = (
			);
			name = "NativeScript PostBuild";
			outputPaths = (
			);
			runOnlyForDeploymentPostprocessing = 0;
			shellPath = /bin/sh;
			shellScript = "\"$SRCROOT/internal/nativescript-post-build\"";
			showEnvVarsInLog = 0;
		};
		CD62955B1BB2651D00AE3A93 /* NativeScript PreLink */ = {
			isa = PBXShellScriptBuildPhase;
			buildActionMask = 2147483647;
			files = (
			);
			inputPaths = (
			);
			name = "NativeScript PreLink";
			outputPaths = (
			);
			runOnlyForDeploymentPostprocessing = 0;
			shellPath = /bin/sh;
			shellScript = "\"$SRCROOT/internal/nativescript-pre-link\"";
			showEnvVarsInLog = 0;
		};
		E1B93BF8AE5BDC8A2A7832AF /* Embed Pods Frameworks */ = {
			isa = PBXShellScriptBuildPhase;
			buildActionMask = 2147483647;
			files = (
			);
			inputPaths = (
			);
			name = "Embed Pods Frameworks";
			outputPaths = (
			);
			runOnlyForDeploymentPostprocessing = 0;
			shellPath = /bin/sh;
			shellScript = "\"${SRCROOT}/Pods/Target Support Files/Pods/Pods-frameworks.sh\"\n";
			showEnvVarsInLog = 0;
		};
/* End PBXShellScriptBuildPhase section */

/* Begin PBXSourcesBuildPhase section */
		858B83F218CA22B800AB12DE /* Sources */ = {
			isa = PBXSourcesBuildPhase;
			buildActionMask = 2147483647;
			files = (
				CD62955D1BB2678900AE3A93 /* main.m in Sources */,
			);
			runOnlyForDeploymentPostprocessing = 0;
		};
/* End PBXSourcesBuildPhase section */

/* Begin PBXVariantGroup section */
		858B833A18CA111C00AB12DE /* InfoPlist.strings */ = {
			isa = PBXVariantGroup;
			children = (
				858B833B18CA111C00AB12DE /* en */,
			);
			name = InfoPlist.strings;
			sourceTree = "<group>";
		};
		F9B8C6A21ACEDEEB00547416 /* LaunchScreen.xib */ = {
			isa = PBXVariantGroup;
			children = (
				F9B8C6A31ACEDEEB00547416 /* en */,
			);
			name = LaunchScreen.xib;
			sourceTree = "<group>";
		};
/* End PBXVariantGroup section */

/* Begin XCBuildConfiguration section */
		858B835818CA111C00AB12DE /* Debug */ = {
			isa = XCBuildConfiguration;
			buildSettings = {
				ALWAYS_SEARCH_USER_PATHS = NO;
				ARCHS = "$(ARCHS_STANDARD)";
				CLANG_CXX_LANGUAGE_STANDARD = "gnu++0x";
				CLANG_CXX_LIBRARY = "libc++";
				CLANG_ENABLE_MODULES = YES;
				CLANG_ENABLE_OBJC_ARC = YES;
				CLANG_WARN_BOOL_CONVERSION = YES;
				CLANG_WARN_CONSTANT_CONVERSION = YES;
				CLANG_WARN_DIRECT_OBJC_ISA_USAGE = YES_ERROR;
				CLANG_WARN_EMPTY_BODY = YES;
				CLANG_WARN_ENUM_CONVERSION = YES;
				CLANG_WARN_INT_CONVERSION = YES;
				CLANG_WARN_OBJC_ROOT_CLASS = YES_ERROR;
				CLANG_WARN__DUPLICATE_METHOD_MATCH = YES;
				"CODE_SIGN_IDENTITY[sdk=iphoneos*]" = "iPhone Developer";
				COPY_PHASE_STRIP = NO;
				GCC_C_LANGUAGE_STANDARD = gnu99;
				GCC_DYNAMIC_NO_PIC = NO;
				GCC_OPTIMIZATION_LEVEL = 0;
				GCC_SYMBOLS_PRIVATE_EXTERN = NO;
				GCC_WARN_64_TO_32_BIT_CONVERSION = YES;
				GCC_WARN_ABOUT_RETURN_TYPE = YES_ERROR;
				GCC_WARN_UNDECLARED_SELECTOR = YES;
				GCC_WARN_UNINITIALIZED_AUTOS = YES;
				GCC_WARN_UNUSED_FUNCTION = YES;
				GCC_WARN_UNUSED_VARIABLE = YES;
				IPHONEOS_DEPLOYMENT_TARGET = 8.0;
				ONLY_ACTIVE_ARCH = YES;
				SDKROOT = iphoneos;
				TARGETED_DEVICE_FAMILY = "1,2";
				VALID_ARCHS = "armv7 arm64";
			};
			name = Debug;
		};
		858B835918CA111C00AB12DE /* Release */ = {
			isa = XCBuildConfiguration;
			buildSettings = {
				ALWAYS_SEARCH_USER_PATHS = NO;
				ARCHS = "$(ARCHS_STANDARD)";
				CLANG_CXX_LANGUAGE_STANDARD = "gnu++0x";
				CLANG_CXX_LIBRARY = "libc++";
				CLANG_ENABLE_MODULES = YES;
				CLANG_ENABLE_OBJC_ARC = YES;
				CLANG_WARN_BOOL_CONVERSION = YES;
				CLANG_WARN_CONSTANT_CONVERSION = YES;
				CLANG_WARN_DIRECT_OBJC_ISA_USAGE = YES_ERROR;
				CLANG_WARN_EMPTY_BODY = YES;
				CLANG_WARN_ENUM_CONVERSION = YES;
				CLANG_WARN_INT_CONVERSION = YES;
				CLANG_WARN_OBJC_ROOT_CLASS = YES_ERROR;
				CLANG_WARN__DUPLICATE_METHOD_MATCH = YES;
				"CODE_SIGN_IDENTITY[sdk=iphoneos*]" = "iPhone Developer";
				COPY_PHASE_STRIP = YES;
				ENABLE_NS_ASSERTIONS = NO;
				GCC_C_LANGUAGE_STANDARD = gnu99;
				GCC_WARN_64_TO_32_BIT_CONVERSION = YES;
				GCC_WARN_ABOUT_RETURN_TYPE = YES_ERROR;
				GCC_WARN_UNDECLARED_SELECTOR = YES;
				GCC_WARN_UNINITIALIZED_AUTOS = YES;
				GCC_WARN_UNUSED_FUNCTION = YES;
				GCC_WARN_UNUSED_VARIABLE = YES;
				IPHONEOS_DEPLOYMENT_TARGET = 8.0;
				SDKROOT = iphoneos;
				TARGETED_DEVICE_FAMILY = "1,2";
				VALIDATE_PRODUCT = YES;
				VALID_ARCHS = "armv7 arm64";
			};
			name = Release;
		};
		858B843118CA22B800AB12DE /* Debug */ = {
			isa = XCBuildConfiguration;
			baseConfigurationReference = CDD59A261BB43B5D00EC2671 /* build-debug.xcconfig */;
			buildSettings = {
				ARCHS = "$(ARCHS_STANDARD)";
				CLANG_ENABLE_MODULES = NO;
				CLANG_MODULES_AUTOLINK = NO;
				ENABLE_BITCODE = NO;
				GCC_PRECOMPILE_PREFIX_HEADER = YES;
				GCC_PREFIX_HEADER = "Demo/Demo-Prefix.pch";
				GCC_PREPROCESSOR_DEFINITIONS = (
					"$(inherited)",
					"DEBUG=1",
				);
				INFOPLIST_FILE = "$(SRCROOT)/Demo/Demo-Info.plist";
				LD_RUNPATH_SEARCH_PATHS = "$(inherited) @executable_path/Frameworks";
				PRODUCT_NAME = Demo;
				VALID_ARCHS = "armv7 arm64";
				WRAPPER_EXTENSION = app;
			};
			name = Debug;
		};
		858B843218CA22B800AB12DE /* Release */ = {
			isa = XCBuildConfiguration;
			baseConfigurationReference = CDD59A271BB43B5D00EC2671 /* build-release.xcconfig */;
			buildSettings = {
				ARCHS = "$(ARCHS_STANDARD)";
				CLANG_ENABLE_MODULES = NO;
				CLANG_MODULES_AUTOLINK = NO;
				ENABLE_BITCODE = NO;
				GCC_PRECOMPILE_PREFIX_HEADER = YES;
				GCC_PREFIX_HEADER = "Demo/Demo-Prefix.pch";
				INFOPLIST_FILE = "$(SRCROOT)/Demo/Demo-Info.plist";
				LD_RUNPATH_SEARCH_PATHS = "$(inherited) @executable_path/Frameworks";
				PRODUCT_NAME = Demo;
				VALID_ARCHS = "armv7 arm64";
				WRAPPER_EXTENSION = app;
			};
			name = Release;
		};
/* End XCBuildConfiguration section */

/* Begin XCConfigurationList section */
		858B832918CA111C00AB12DE /* Build configuration list for PBXProject "Demo" */ = {
			isa = XCConfigurationList;
			buildConfigurations = (
				858B835818CA111C00AB12DE /* Debug */,
				858B835918CA111C00AB12DE /* Release */,
			);
			defaultConfigurationIsVisible = 0;
			defaultConfigurationName = Release;
		};
		858B843018CA22B800AB12DE /* Build configuration list for PBXNativeTarget "Demo" */ = {
			isa = XCConfigurationList;
			buildConfigurations = (
				858B843118CA22B800AB12DE /* Debug */,
				858B843218CA22B800AB12DE /* Release */,
			);
			defaultConfigurationIsVisible = 0;
			defaultConfigurationName = Release;
		};
/* End XCConfigurationList section */
	};
	rootObject = 858B832618CA111C00AB12DE /* Project object */;
}
